
Microsoft Visual Studio Solution File, Format Version 12.00
# Visual Studio Version 17
VisualStudioVersion = 17.9.34723.18
MinimumVisualStudioVersion = 10.0.40219.1
Project("{FAE04EC0-301F-11D3-BF4B-00C04F79EFBC}") = "Calculator", "Calculator\Calculator.csproj", "{DF4AFFC0-DE60-4C28-9F81-A462AFA8B5C5}"
EndProject
Project("{FAE04EC0-301F-11D3-BF4B-00C04F79EFBC}") = "Dice", "Dice\Dice.csproj", "{9A694EBA-5D54-4C8F-ABD5-740DF2C1EFF6}"
EndProject
Project("{FAE04EC0-301F-11D3-BF4B-00C04F79EFBC}") = "GuessingNumberGame", "GuessingNumberGame\GuessingNumberGame.csproj", "{2F0CDA14-805B-4414-8984-5FBFE5181ABE}"
EndProject
Project("{FAE04EC0-301F-11D3-BF4B-00C04F79EFBC}") = "AreaCalculator", "AreaCalculator\AreaCalculator.csproj", "{FAE039BA-662B-4801-9E03-4C13041F98D9}"
EndProject
Project("{FAE04EC0-301F-11D3-BF4B-00C04F79EFBC}") = "TurnBasedCombatGame", "TurnBasedCombatGame\TurnBasedCombatGame.csproj", "{6CC1BBC1-0DED-4CD2-9BA4-F9C9076CED00}"
EndProject
Project("{FAE04EC0-301F-11D3-BF4B-00C04F79EFBC}") = "RockPaperScissors", "RockPaperScissors\RockPaperScissors.csproj", "{0BF8609D-5458-4D8E-93B9-AEA44A269107}"
EndProject
Project("{FAE04EC0-301F-11D3-BF4B-00C04F79EFBC}") = "ToDoList", "ToDoList\ToDoList.csproj", "{831C7EC6-0981-47B6-9B85-3EE92D3DE377}"
EndProject
Global
	GlobalSection(SolutionConfigurationPlatforms) = preSolution
		Debug|Any CPU = Debug|Any CPU
		Release|Any CPU = Release|Any CPU
	EndGlobalSection
	GlobalSection(ProjectConfigurationPlatforms) = postSolution
		{DF4AFFC0-DE60-4C28-9F81-A462AFA8B5C5}.Debug|Any CPU.ActiveCfg = Debug|Any CPU
		{DF4AFFC0-DE60-4C28-9F81-A462AFA8B5C5}.Debug|Any CPU.Build.0 = Debug|Any CPU
		{DF4AFFC0-DE60-4C28-9F81-A462AFA8B5C5}.Release|Any CPU.ActiveCfg = Release|Any CPU
		{DF4AFFC0-DE60-4C28-9F81-A462AFA8B5C5}.Release|Any CPU.Build.0 = Release|Any CPU
		{9A694EBA-5D54-4C8F-ABD5-740DF2C1EFF6}.Debug|Any CPU.ActiveCfg = Debug|Any CPU
		{9A694EBA-5D54-4C8F-ABD5-740DF2C1EFF6}.Debug|Any CPU.Build.0 = Debug|Any CPU
		{9A694EBA-5D54-4C8F-ABD5-740DF2C1EFF6}.Release|Any CPU.ActiveCfg = Release|Any CPU
		{9A694EBA-5D54-4C8F-ABD5-740DF2C1EFF6}.Release|Any CPU.Build.0 = Release|Any CPU
		{2F0CDA14-805B-4414-8984-5FBFE5181ABE}.Debug|Any CPU.ActiveCfg = Debug|Any CPU
		{2F0CDA14-805B-4414-8984-5FBFE5181ABE}.Debug|Any CPU.Build.0 = Debug|Any CPU
		{2F0CDA14-805B-4414-8984-5FBFE5181ABE}.Release|Any CPU.ActiveCfg = Release|Any CPU
		{2F0CDA14-805B-4414-8984-5FBFE5181ABE}.Release|Any CPU.Build.0 = Release|Any CPU
		{FAE039BA-662B-4801-9E03-4C13041F98D9}.Debug|Any CPU.ActiveCfg = Debug|Any CPU
		{FAE039BA-662B-4801-9E03-4C13041F98D9}.Debug|Any CPU.Build.0 = Debug|Any CPU
		{FAE039BA-662B-4801-9E03-4C13041F98D9}.Release|Any CPU.ActiveCfg = Release|Any CPU
		{FAE039BA-662B-4801-9E03-4C13041F98D9}.Release|Any CPU.Build.0 = Release|Any CPU
		{6CC1BBC1-0DED-4CD2-9BA4-F9C9076CED00}.Debug|Any CPU.ActiveCfg = Debug|Any CPU
		{6CC1BBC1-0DED-4CD2-9BA4-F9C9076CED00}.Debug|Any CPU.Build.0 = Debug|Any CPU
		{6CC1BBC1-0DED-4CD2-9BA4-F9C9076CED00}.Release|Any CPU.ActiveCfg = Release|Any CPU
		{6CC1BBC1-0DED-4CD2-9BA4-F9C9076CED00}.Release|Any CPU.Build.0 = Release|Any CPU
		{0BF8609D-5458-4D8E-93B9-AEA44A269107}.Debug|Any CPU.ActiveCfg = Debug|Any CPU
		{0BF8609D-5458-4D8E-93B9-AEA44A269107}.Debug|Any CPU.Build.0 = Debug|Any CPU
		{0BF8609D-5458-4D8E-93B9-AEA44A269107}.Release|Any CPU.ActiveCfg = Release|Any CPU
		{0BF8609D-5458-4D8E-93B9-AEA44A269107}.Release|Any CPU.Build.0 = Release|Any CPU
		{831C7EC6-0981-47B6-9B85-3EE92D3DE377}.Debug|Any CPU.ActiveCfg = Debug|Any CPU
		{831C7EC6-0981-47B6-9B85-3EE92D3DE377}.Debug|Any CPU.Build.0 = Debug|Any CPU
		{831C7EC6-0981-47B6-9B85-3EE92D3DE377}.Release|Any CPU.ActiveCfg = Release|Any CPU
		{831C7EC6-0981-47B6-9B85-3EE92D3DE377}.Release|Any CPU.Build.0 = Release|Any CPU
	EndGlobalSection
	GlobalSection(SolutionProperties) = preSolution
		HideSolutionNode = FALSE
	EndGlobalSection
	GlobalSection(ExtensibilityGlobals) = postSolution
		SolutionGuid = {094A0252-483E-4B01-B350-14D8C18338F5}
	EndGlobalSection
EndGlobal
